{
  "name": "4.use-my-package",
  "version": "1.0.0",
  "lockfileVersion": 3,
  "requires": true,
  "packages": {
    "": {
      "name": "4.use-my-package",
      "version": "1.0.0",
      "license": "ISC",
      "dependencies": {
        "@mamadfar/test1": "^0.0.2"
      }
    },
    "node_modules/@mamadfar/test1": {
      "version": "0.0.2",
      "resolved": "https://registry.npmjs.org/@mamadfar/test1/-/test1-0.0.2.tgz",
      "integrity": "sha512-+wQ2OITfJN2lfbshLuqTAqiih05CuOZu0GxtRixWxfgTlJto0fxnIPdRX/nO1Jwz8BgRyZTsMF1ky2Mjr3AXsQ==",
      "license": "ISC",
      "dependencies": {
        "lodash": "^4.17.21"
      }
    },
    "node_modules/lodash": {
      "version": "4.17.21",
      "resolved": "https://registry.npmjs.org/lodash/-/lodash-4.17.21.tgz",
      "integrity": "sha512-v2kDEe57lecTulaDIuNTPy3Ry4gLGJ6Z1O3vE1krgXZNrsQ+LFTGHVxVjcXPs17LhbZVGedAJv8XZ1tvj5FvSg==",
      "license": "MIT"
    }
  }
}
