{
  "name": "5.use-my-package-local",
  "version": "1.0.0",
  "lockfileVersion": 3,
  "requires": true,
  "packages": {
    "": {
      "name": "5.use-my-package-local",
      "version": "1.0.0",
      "license": "ISC",
      "dependencies": {
        "@mamadfar/test1": "file:mamadfar-test1-0.0.3.tgz"
      },
      "devDependencies": {}
    },
    "node_modules/@mamadfar/test1": {
      "version": "0.0.3",
      "resolved": "file:mamadfar-test1-0.0.3.tgz",
      "integrity": "sha512-jZuBZVtQaDdOU2/6H8p7q0A68pcrBZbYJ/bNeesIrA6E5iAaB17bJHLDgLnQcwr7gz6zWSvb73gptoDd7IEs1g==",
      "license": "ISC",
      "dependencies": {
        "lodash": "^4.17.21"
      }
    },
    "node_modules/lodash": {
      "version": "4.17.21",
      "resolved": "https://registry.npmjs.org/lodash/-/lodash-4.17.21.tgz",
      "integrity": "sha512-v2kDEe57lecTulaDIuNTPy3Ry4gLGJ6Z1O3vE1krgXZNrsQ+LFTGHVxVjcXPs17LhbZVGedAJv8XZ1tvj5FvSg==",
      "license": "MIT"
    }
  }
}
